
Microsoft Visual Studio Solution File, Format Version 12.00
# Visual Studio Version 17
VisualStudioVersion = 17.4.33122.133
MinimumVisualStudioVersion = 10.0.40219.1
Project("{FAE04EC0-301F-11D3-BF4B-00C04F79EFBC}") = "P22924012023", "P22924012023\P22924012023.csproj", "{A399F98D-A12F-4CA2-8BEA-05F266834521}"
EndProject
Global
	GlobalSection(SolutionConfigurationPlatforms) = preSolution
		Debug|Any CPU = Debug|Any CPU
		Release|Any CPU = Release|Any CPU
	EndGlobalSection
	GlobalSection(ProjectConfigurationPlatforms) = postSolution
		{A399F98D-A12F-4CA2-8BEA-05F266834521}.Debug|Any CPU.ActiveCfg = Debug|Any CPU
		{A399F98D-A12F-4CA2-8BEA-05F266834521}.Debug|Any CPU.Build.0 = Debug|Any CPU
		{A399F98D-A12F-4CA2-8BEA-05F266834521}.Release|Any CPU.ActiveCfg = Release|Any CPU
		{A399F98D-A12F-4CA2-8BEA-05F266834521}.Release|Any CPU.Build.0 = Release|Any CPU
	EndGlobalSection
	GlobalSection(SolutionProperties) = preSolution
		HideSolutionNode = FALSE
	EndGlobalSection
	GlobalSection(ExtensibilityGlobals) = postSolution
		SolutionGuid = {23F57E87-BCA2-4C65-A72B-892BD0B74E59}
	EndGlobalSection
EndGlobal
