
Microsoft Visual Studio Solution File, Format Version 12.00
# Visual Studio Version 17
VisualStudioVersion = 17.4.33122.133
MinimumVisualStudioVersion = 10.0.40219.1
Project("{FAE04EC0-301F-11D3-BF4B-00C04F79EFBC}") = "Academy", "Academy\Academy.csproj", "{83CAD37A-FCEC-437C-9A9F-CE7A1EC0949A}"
EndProject
Global
	GlobalSection(SolutionConfigurationPlatforms) = preSolution
		Debug|Any CPU = Debug|Any CPU
		Release|Any CPU = Release|Any CPU
	EndGlobalSection
	GlobalSection(ProjectConfigurationPlatforms) = postSolution
		{83CAD37A-FCEC-437C-9A9F-CE7A1EC0949A}.Debug|Any CPU.ActiveCfg = Debug|Any CPU
		{83CAD37A-FCEC-437C-9A9F-CE7A1EC0949A}.Debug|Any CPU.Build.0 = Debug|Any CPU
		{83CAD37A-FCEC-437C-9A9F-CE7A1EC0949A}.Release|Any CPU.ActiveCfg = Release|Any CPU
		{83CAD37A-FCEC-437C-9A9F-CE7A1EC0949A}.Release|Any CPU.Build.0 = Release|Any CPU
	EndGlobalSection
	GlobalSection(SolutionProperties) = preSolution
		HideSolutionNode = FALSE
	EndGlobalSection
	GlobalSection(ExtensibilityGlobals) = postSolution
		SolutionGuid = {E9617E1D-2C5B-4999-A733-4D656B10082B}
	EndGlobalSection
EndGlobal
