
Microsoft Visual Studio Solution File, Format Version 12.00
# Visual Studio Version 17
VisualStudioVersion = 17.4.33122.133
MinimumVisualStudioVersion = 10.0.40219.1
Project("{FAE04EC0-301F-11D3-BF4B-00C04F79EFBC}") = "P229FirstFrontToBack", "P229FirstFrontToBack\P229FirstFrontToBack.csproj", "{A8BA9C37-0BA6-4C76-B30D-D643BE549077}"
EndProject
Global
	GlobalSection(SolutionConfigurationPlatforms) = preSolution
		Debug|Any CPU = Debug|Any CPU
		Release|Any CPU = Release|Any CPU
	EndGlobalSection
	GlobalSection(ProjectConfigurationPlatforms) = postSolution
		{A8BA9C37-0BA6-4C76-B30D-D643BE549077}.Debug|Any CPU.ActiveCfg = Debug|Any CPU
		{A8BA9C37-0BA6-4C76-B30D-D643BE549077}.Debug|Any CPU.Build.0 = Debug|Any CPU
		{A8BA9C37-0BA6-4C76-B30D-D643BE549077}.Release|Any CPU.ActiveCfg = Release|Any CPU
		{A8BA9C37-0BA6-4C76-B30D-D643BE549077}.Release|Any CPU.Build.0 = Release|Any CPU
	EndGlobalSection
	GlobalSection(SolutionProperties) = preSolution
		HideSolutionNode = FALSE
	EndGlobalSection
	GlobalSection(ExtensibilityGlobals) = postSolution
		SolutionGuid = {59CAA4C1-3EC5-4465-B6FD-1ABA19C03B65}
	EndGlobalSection
EndGlobal
